dependencies:
  eil/esp_idf_lib_helpers:
    component_hash: eaee96f02db1bea59d369e53e46fd100331eb9d1d9726416cace4dd01f72698e
    dependencies:
    - name: idf
      require: private
      version: '>=4.3'
    source:
      registry_url: https://components.espressif.com
      type: service
    version: 1.2.1
  eil/i2cdev:
    component_hash: 320f24484a1678083133ca19c195ea58740c188dd590626980b1cf2032539aaa
    dependencies:
    - name: eil/esp_idf_lib_helpers
      registry_url: https://components.espressif.com
      require: private
      version: '>=1.2.1'
    - name: idf
      require: private
      version: '>=4.3'
    source:
      registry_url: https://components.espressif.com/
      type: service
    version: 1.5.1
  espressif/esp-dsp:
    dependencies: []
    source:
      path: /home/alex/Projects/code_space_program/esp32-flight-software-idf/components/espressif__esp-dsp
      type: local
    version: 1.6.2
  idf:
    source:
      type: idf
    version: 5.5.0
  k0i05/esp_bmp390:
    component_hash: 798347f51b3a1521ec30846ec9fa0fa978af77990278a510e4ee56ff392547f5
    dependencies:
    - name: idf
      require: private
      version: '>5.3.0'
    - name: k0i05/esp_type_utils
      registry_url: https://components.espressif.com
      require: private
      version: '>=0.0.1'
    source:
      registry_url: https://components.espressif.com/
      type: service
    targets:
    - esp32
    - esp32s3
    version: 1.2.5
  k0i05/esp_mpu6050:
    component_hash: 525c0ca32f2cf7d2acc5378041f46c37e4d4a8ead2bc148d014a8343189507bf
    dependencies:
    - name: idf
      require: private
      version: '>5.3.0'
    - name: k0i05/esp_type_utils
      registry_url: https://components.espressif.com
      require: private
      version: '>=0.0.1'
    source:
      registry_url: https://components.espressif.com/
      type: service
    version: 1.2.5
  k0i05/esp_type_utils:
    component_hash: dfe2feb2117ee060c085ec166b56cfd9d66cef4019216bf8722e45e43a3b562f
    dependencies:
    - name: idf
      require: private
      version: '>5.3.0'
    source:
      registry_url: https://components.espressif.com
      type: service
    targets:
    - esp32
    - esp32s3
    version: 1.2.5
  supcik/pca9685:
    component_hash: 8318a3b9ea8a1d3c467a094356e717f1e86929493b295bb1c495f0f873b1b017
    dependencies:
    - name: idf
      require: private
      version: '>=5.3'
    source:
      registry_url: https://components.espressif.com/
      type: service
    version: 1.0.0
direct_dependencies:
- eil/i2cdev
- espressif/esp-dsp
- idf
- k0i05/esp_bmp390
- k0i05/esp_mpu6050
- supcik/pca9685
manifest_hash: 0f83521391be4fee2613b20cfd7bdf83ac193db85505fec15f2bfae9179e78bc
target: esp32
version: 2.0.0
